
Microsoft Visual Studio Solution File, Format Version 12.00
# Visual Studio Version 17
VisualStudioVersion = 17.13.35825.156
MinimumVisualStudioVersion = 10.0.40219.1
Project("{FAE04EC0-301F-11D3-BF4B-00C04F79EFBC}") = "Test0524", "Test0524.csproj", "{0B5F9169-8A71-4751-9109-66DBF6792391}"
EndProject
Global
	GlobalSection(SolutionConfigurationPlatforms) = preSolution
		Debug|Any CPU = Debug|Any CPU
		Debug|x64 = Debug|x64
		Release|Any CPU = Release|Any CPU
		Release|x64 = Release|x64
	EndGlobalSection
	GlobalSection(ProjectConfigurationPlatforms) = postSolution
		{0B5F9169-8A71-4751-9109-66DBF6792391}.Debug|Any CPU.ActiveCfg = Debug|Any CPU
		{0B5F9169-8A71-4751-9109-66DBF6792391}.Debug|Any CPU.Build.0 = Debug|Any CPU
		{0B5F9169-8A71-4751-9109-66DBF6792391}.Debug|x64.ActiveCfg = Debug|x64
		{0B5F9169-8A71-4751-9109-66DBF6792391}.Debug|x64.Build.0 = Debug|x64
		{0B5F9169-8A71-4751-9109-66DBF6792391}.Release|Any CPU.ActiveCfg = Release|Any CPU
		{0B5F9169-8A71-4751-9109-66DBF6792391}.Release|Any CPU.Build.0 = Release|Any CPU
		{0B5F9169-8A71-4751-9109-66DBF6792391}.Release|x64.ActiveCfg = Release|x64
		{0B5F9169-8A71-4751-9109-66DBF6792391}.Release|x64.Build.0 = Release|x64
	EndGlobalSection
	GlobalSection(SolutionProperties) = preSolution
		HideSolutionNode = FALSE
	EndGlobalSection
	GlobalSection(ExtensibilityGlobals) = postSolution
		SolutionGuid = {D09CB9C5-D045-4FFF-9D4D-064626A03DFD}
	EndGlobalSection
EndGlobal
